
Microsoft Visual Studio Solution File, Format Version 12.00
# Visual Studio Version 17
VisualStudioVersion = 17.7.34031.279
MinimumVisualStudioVersion = 10.0.40219.1
Project("{FAE04EC0-301F-11D3-BF4B-00C04F79EFBC}") = "Ferma", "Ferma\Ferma.csproj", "{2AE8C021-4C4E-4C77-9ED9-EA2107946CBE}"
EndProject
Global
	GlobalSection(SolutionConfigurationPlatforms) = preSolution
		Debug|Any CPU = Debug|Any CPU
		Release|Any CPU = Release|Any CPU
	EndGlobalSection
	GlobalSection(ProjectConfigurationPlatforms) = postSolution
		{2AE8C021-4C4E-4C77-9ED9-EA2107946CBE}.Debug|Any CPU.ActiveCfg = Debug|Any CPU
		{2AE8C021-4C4E-4C77-9ED9-EA2107946CBE}.Debug|Any CPU.Build.0 = Debug|Any CPU
		{2AE8C021-4C4E-4C77-9ED9-EA2107946CBE}.Release|Any CPU.ActiveCfg = Release|Any CPU
		{2AE8C021-4C4E-4C77-9ED9-EA2107946CBE}.Release|Any CPU.Build.0 = Release|Any CPU
	EndGlobalSection
	GlobalSection(SolutionProperties) = preSolution
		HideSolutionNode = FALSE
	EndGlobalSection
	GlobalSection(ExtensibilityGlobals) = postSolution
		SolutionGuid = {0D308F4E-5D3D-4EF4-B53D-8D0C140C8C48}
	EndGlobalSection
EndGlobal
